<?xml version="1.0" encoding="utf-8"?>
<Project ToolsVersion="4.0" xmlns="http://schemas.microsoft.com/developer/msbuild/2003">
  <ItemGroup>
    <Filter Include="Source Files">
      <UniqueIdentifier>{4FC737F1-C7A5-4376-A066-2A32D752A2FF}</UniqueIdentifier>
      <Extensions>cpp;c;cc;cxx;def;odl;idl;hpj;bat;asm;asmx</Extensions>
    </Filter>
    <Filter Include="Header Files">
      <UniqueIdentifier>{93995380-89BD-4b04-88EB-625FBE52EBFB}</UniqueIdentifier>
      <Extensions>h;hpp;hxx;hm;inl;inc;xsd</Extensions>
    </Filter>
    <Filter Include="Resource Files">
      <UniqueIdentifier>{67DA6AB6-F800-4c08-8B7A-83BB121AAD01}</UniqueIdentifier>
      <Extensions>rc;ico;cur;bmp;dlg;rc2;rct;bin;rgs;gif;jpg;jpeg;jpe;resx;tiff;tif;png;wav;mfcribbon-ms</Extensions>
    </Filter>
    <Filter Include="Header Files\hal">
      <UniqueIdentifier>{94444c4d-9b06-4d38-a05d-22ccea55e286}</UniqueIdentifier>
    </Filter>
    <Filter Include="Source Files\win32">
      <UniqueIdentifier>{a0a51872-1ea4-4e86-bbf2-aac1bbcdcbcf}</UniqueIdentifier>
    </Filter>
    <Filter Include="Source Files\hal">
      <UniqueIdentifier>{7ec1aadb-1ebd-49a0-9d87-1f6563c16ac1}</UniqueIdentifier>
    </Filter>
  </ItemGroup>
  <ItemGroup>
    <ClCompile Include="..\main.cpp">
      <Filter>Source Files</Filter>
    </ClCompile>
    <ClCompile Include="..\misc.cpp">
      <Filter>Source Files</Filter>
    </ClCompile>
    <ClCompile Include="..\qstring.cpp">
      <Filter>Source Files</Filter>
    </ClCompile>
    <ClCompile Include="..\zone.cpp">
      <Filter>Source Files</Filter>
    </ClCompile>
    <ClCompile Include="..\win32\w32_platform.cpp">
      <Filter>Source Files\win32</Filter>
    </ClCompile>
    <ClCompile Include="..\hal\platform.cpp">
      <Filter>Source Files\hal</Filter>
    </ClCompile>
  </ItemGroup>
  <ItemGroup>
    <ClInclude Include="..\m_ctype.h">
      <Filter>Header Files</Filter>
    </ClInclude>
    <ClInclude Include="..\misc.h">
      <Filter>Header Files</Filter>
    </ClInclude>
    <ClInclude Include="..\qstring.h">
      <Filter>Header Files</Filter>
    </ClInclude>
    <ClInclude Include="..\stdheaders.h">
      <Filter>Header Files</Filter>
    </ClInclude>
    <ClInclude Include="..\zone.h">
      <Filter>Header Files</Filter>
    </ClInclude>
    <ClInclude Include="..\hal\platform.h">
      <Filter>Header Files\hal</Filter>
    </ClInclude>
  </ItemGroup>
</Project>